// !$*UTF8*$!
{
	archiveVersion = 1;
	classes = {
	};
	objectVersion = 50;
	objects = {

/* Begin PBXBuildFile section */
		5EF2FD6424A10E1B00F3B7C4 /* AppDelegate.m in Sources */ = {isa = PBXBuildFile; fileRef = 5EF2FD6324A10E1B00F3B7C4 /* AppDelegate.m */; };
		5EF2FD6724A10E1B00F3B7C4 /* SceneDelegate.m in Sources */ = {isa = PBXBuildFile; fileRef = 5EF2FD6624A10E1B00F3B7C4 /* SceneDelegate.m */; };
		5EF2FD6A24A10E1B00F3B7C4 /* ViewController.m in Sources */ = {isa = PBXBuildFile; fileRef = 5EF2FD6924A10E1B00F3B7C4 /* ViewController.m */; settings = {COMPILER_FLAGS = "-fno-objc-arc"; }; };
		5EF2FD6D24A10E1B00F3B7C4 /* Main.storyboard in Resources */ = {isa = PBXBuildFile; fileRef = 5EF2FD6B24A10E1B00F3B7C4 /* Main.storyboard */; };
		5EF2FD6F24A10E1D00F3B7C4 /* Assets.xcassets in Resources */ = {isa = PBXBuildFile; fileRef = 5EF2FD6E24A10E1D00F3B7C4 /* Assets.xcassets */; };
		5EF2FD7224A10E1D00F3B7C4 /* LaunchScreen.storyboard in Resources */ = {isa = PBXBuildFile; fileRef = 5EF2FD7024A10E1D00F3B7C4 /* LaunchScreen.storyboard */; };
		5EF2FD7524A10E1D00F3B7C4 /* main.m in Sources */ = {isa = PBXBuildFile; fileRef = 5EF2FD7424A10E1D00F3B7C4 /* main.m */; };
		5EF2FD7D24A1121900F3B7C4 /* TestObject.m in Sources */ = {isa = PBXBuildFile; fileRef = 5EF2FD7C24A1121900F3B7C4 /* TestObject.m */; settings = {COMPILER_FLAGS = "-fno-objc-arc"; }; };
/* End PBXBuildFile section */

/* Begin PBXFileReference section */
		5EF2FD5F24A10E1B00F3B7C4 /* test11.app */ = {isa = PBXFileReference; explicitFileType = wrapper.application; includeInIndex = 0; path = test11.app; sourceTree = BUILT_PRODUCTS_DIR; };
		5EF2FD6224A10E1B00F3B7C4 /* AppDelegate.h */ = {isa = PBXFileReference; lastKnownFileType = sourcecode.c.h; path = AppDelegate.h; sourceTree = "<group>"; };
		5EF2FD6324A10E1B00F3B7C4 /* AppDelegate.m */ = {isa = PBXFileReference; lastKnownFileType = sourcecode.c.objc; path = AppDelegate.m; sourceTree = "<group>"; };
		5EF2FD6524A10E1B00F3B7C4 /* SceneDelegate.h */ = {isa = PBXFileReference; lastKnownFileType = sourcecode.c.h; path = SceneDelegate.h; sourceTree = "<group>"; };
		5EF2FD6624A10E1B00F3B7C4 /* SceneDelegate.m */ = {isa = PBXFileReference; lastKnownFileType = sourcecode.c.objc; path = SceneDelegate.m; sourceTree = "<group>"; };
		5EF2FD6824A10E1B00F3B7C4 /* ViewController.h */ = {isa = PBXFileReference; lastKnownFileType = sourcecode.c.h; path = ViewController.h; sourceTree = "<group>"; };
		5EF2FD6924A10E1B00F3B7C4 /* ViewController.m */ = {isa = PBXFileReference; lastKnownFileType = sourcecode.c.objc; path = ViewController.m; sourceTree = "<group>"; };
		5EF2FD6C24A10E1B00F3B7C4 /* Base */ = {isa = PBXFileReference; lastKnownFileType = file.storyboard; name = Base; path = Base.lproj/Main.storyboard; sourceTree = "<group>"; };
		5EF2FD6E24A10E1D00F3B7C4 /* Assets.xcassets */ = {isa = PBXFileReference; lastKnownFileType = folder.assetcatalog; path = Assets.xcassets; sourceTree = "<group>"; };
		5EF2FD7124A10E1D00F3B7C4 /* Base */ = {isa = PBXFileReference; lastKnownFileType = file.storyboard; name = Base; path = Base.lproj/LaunchScreen.storyboard; sourceTree = "<group>"; };
		5EF2FD7324A10E1D00F3B7C4 /* Info.plist */ = {isa = PBXFileReference; lastKnownFileType = text.plist.xml; path = Info.plist; sourceTree = "<group>"; };
		5EF2FD7424A10E1D00F3B7C4 /* main.m */ = {isa = PBXFileReference; lastKnownFileType = sourcecode.c.objc; path = main.m; sourceTree = "<group>"; };
		5EF2FD7B24A1121900F3B7C4 /* TestObject.h */ = {isa = PBXFileReference; lastKnownFileType = sourcecode.c.h; path = TestObject.h; sourceTree = "<group>"; };
		5EF2FD7C24A1121900F3B7C4 /* TestObject.m */ = {isa = PBXFileReference; lastKnownFileType = sourcecode.c.objc; path = TestObject.m; sourceTree = "<group>"; };
/* End PBXFileReference section */

/* Begin PBXFrameworksBuildPhase section */
		5EF2FD5C24A10E1B00F3B7C4 /* Frameworks */ = {
			isa = PBXFrameworksBuildPhase;
			buildActionMask = 2147483647;
			files = (
			);
			runOnlyForDeploymentPostprocessing = 0;
		};
/* End PBXFrameworksBuildPhase section */

/* Begin PBXGroup section */
		5EF2FD5624A10E1B00F3B7C4 = {
			isa = PBXGroup;
			children = (
				5EF2FD6124A10E1B00F3B7C4 /* test11 */,
				5EF2FD6024A10E1B00F3B7C4 /* Products */,
			);
			sourceTree = "<group>";
		};
		5EF2FD6024A10E1B00F3B7C4 /* Products */ = {
			isa = PBXGroup;
			children = (
				5EF2FD5F24A10E1B00F3B7C4 /* test11.app */,
			);
			name = Products;
			sourceTree = "<group>";
		};
		5EF2FD6124A10E1B00F3B7C4 /* test11 */ = {
			isa = PBXGroup;
			children = (
				5EF2FD6224A10E1B00F3B7C4 /* AppDelegate.h */,
				5EF2FD6324A10E1B00F3B7C4 /* AppDelegate.m */,
				5EF2FD6524A10E1B00F3B7C4 /* SceneDelegate.h */,
				5EF2FD6624A10E1B00F3B7C4 /* SceneDelegate.m */,
				5EF2FD6824A10E1B00F3B7C4 /* ViewController.h */,
				5EF2FD6924A10E1B00F3B7C4 /* ViewController.m */,
				5EF2FD7B24A1121900F3B7C4 /* TestObject.h */,
				5EF2FD7C24A1121900F3B7C4 /* TestObject.m */,
				5EF2FD6B24A10E1B00F3B7C4 /* Main.storyboard */,
				5EF2FD6E24A10E1D00F3B7C4 /* Assets.xcassets */,
				5EF2FD7024A10E1D00F3B7C4 /* LaunchScreen.storyboard */,
				5EF2FD7324A10E1D00F3B7C4 /* Info.plist */,
				5EF2FD7424A10E1D00F3B7C4 /* main.m */,
			);
			path = test11;
			sourceTree = "<group>";
		};
/* End PBXGroup section */

/* Begin PBXNativeTarget section */
		5EF2FD5E24A10E1B00F3B7C4 /* test11 */ = {
			isa = PBXNativeTarget;
			buildConfigurationList = 5EF2FD7824A10E1D00F3B7C4 /* Build configuration list for PBXNativeTarget "test11" */;
			buildPhases = (
				5EF2FD5B24A10E1B00F3B7C4 /* Sources */,
				5EF2FD5C24A10E1B00F3B7C4 /* Frameworks */,
				5EF2FD5D24A10E1B00F3B7C4 /* Resources */,
			);
			buildRules = (
			);
			dependencies = (
			);
			name = test11;
			productName = test11;
			productReference = 5EF2FD5F24A10E1B00F3B7C4 /* test11.app */;
			productType = "com.apple.product-type.application";
		};
/* End PBXNativeTarget section */

/* Begin PBXProject section */
		5EF2FD5724A10E1B00F3B7C4 /* Project object */ = {
			isa = PBXProject;
			attributes = {
				LastUpgradeCheck = 1130;
				ORGANIZATIONNAME = tsh;
				TargetAttributes = {
					5EF2FD5E24A10E1B00F3B7C4 = {
						CreatedOnToolsVersion = 11.3.1;
					};
				};
			};
			buildConfigurationList = 5EF2FD5A24A10E1B00F3B7C4 /* Build configuration list for PBXProject "test11" */;
			compatibilityVersion = "Xcode 9.3";
			developmentRegion = en;
			hasScannedForEncodings = 0;
			knownRegions = (
				en,
				Base,
			);
			mainGroup = 5EF2FD5624A10E1B00F3B7C4;
			productRefGroup = 5EF2FD6024A10E1B00F3B7C4 /* Products */;
			projectDirPath = "";
			projectRoot = "";
			targets = (
				5EF2FD5E24A10E1B00F3B7C4 /* test11 */,
			);
		};
/* End PBXProject section */

/* Begin PBXResourcesBuildPhase section */
		5EF2FD5D24A10E1B00F3B7C4 /* Resources */ = {
			isa = PBXResourcesBuildPhase;
			buildActionMask = 2147483647;
			files = (
				5EF2FD7224A10E1D00F3B7C4 /* LaunchScreen.storyboard in Resources */,
				5EF2FD6F24A10E1D00F3B7C4 /* Assets.xcassets in Resources */,
				5EF2FD6D24A10E1B00F3B7C4 /* Main.storyboard in Resources */,
			);
			runOnlyForDeploymentPostprocessing = 0;
		};
/* End PBXResourcesBuildPhase section */

/* Begin PBXSourcesBuildPhase section */
		5EF2FD5B24A10E1B00F3B7C4 /* Sources */ = {
			isa = PBXSourcesBuildPhase;
			buildActionMask = 2147483647;
			files = (
				5EF2FD6A24A10E1B00F3B7C4 /* ViewController.m in Sources */,
				5EF2FD6424A10E1B00F3B7C4 /* AppDelegate.m in Sources */,
				5EF2FD7D24A1121900F3B7C4 /* TestObject.m in Sources */,
				5EF2FD7524A10E1D00F3B7C4 /* main.m in Sources */,
				5EF2FD6724A10E1B00F3B7C4 /* SceneDelegate.m in Sources */,
			);
			runOnlyForDeploymentPostprocessing = 0;
		};
/* End PBXSourcesBuildPhase section */

/* Begin PBXVariantGroup section */
		5EF2FD6B24A10E1B00F3B7C4 /* Main.storyboard */ = {
			isa = PBXVariantGroup;
			children = (
				5EF2FD6C24A10E1B00F3B7C4 /* Base */,
			);
			name = Main.storyboard;
			sourceTree = "<group>";
		};
		5EF2FD7024A10E1D00F3B7C4 /* LaunchScreen.storyboard */ = {
			isa = PBXVariantGroup;
			children = (
				5EF2FD7124A10E1D00F3B7C4 /* Base */,
			);
			name = LaunchScreen.storyboard;
			sourceTree = "<group>";
		};
/* End PBXVariantGroup section */

/* Begin XCBuildConfiguration section */
		5EF2FD7624A10E1D00F3B7C4 /* Debug */ = {
			isa = XCBuildConfiguration;
			buildSettings = {
				ALWAYS_SEARCH_USER_PATHS = NO;
				CLANG_ANALYZER_NONNULL = YES;
				CLANG_ANALYZER_NUMBER_OBJECT_CONVERSION = YES_AGGRESSIVE;
				CLANG_CXX_LANGUAGE_STANDARD = "gnu++14";
				CLANG_CXX_LIBRARY = "libc++";
				CLANG_ENABLE_MODULES = YES;
				CLANG_ENABLE_OBJC_ARC = YES;
				CLANG_ENABLE_OBJC_WEAK = YES;
				CLANG_WARN_BLOCK_CAPTURE_AUTORELEASING = YES;
				CLANG_WARN_BOOL_CONVERSION = YES;
				CLANG_WARN_COMMA = YES;
				CLANG_WARN_CONSTANT_CONVERSION = YES;
				CLANG_WARN_DEPRECATED_OBJC_IMPLEMENTATIONS = YES;
				CLANG_WARN_DIRECT_OBJC_ISA_USAGE = YES_ERROR;
				CLANG_WARN_DOCUMENTATION_COMMENTS = YES;
				CLANG_WARN_EMPTY_BODY = YES;
				CLANG_WARN_ENUM_CONVERSION = YES;
				CLANG_WARN_INFINITE_RECURSION = YES;
				CLANG_WARN_INT_CONVERSION = YES;
				CLANG_WARN_NON_LITERAL_NULL_CONVERSION = YES;
				CLANG_WARN_OBJC_IMPLICIT_RETAIN_SELF = YES;
				CLANG_WARN_OBJC_LITERAL_CONVERSION = YES;
				CLANG_WARN_OBJC_ROOT_CLASS = YES_ERROR;
				CLANG_WARN_RANGE_LOOP_ANALYSIS = YES;
				CLANG_WARN_STRICT_PROTOTYPES = YES;
				CLANG_WARN_SUSPICIOUS_MOVE = YES;
				CLANG_WARN_UNGUARDED_AVAILABILITY = YES_AGGRESSIVE;
				CLANG_WARN_UNREACHABLE_CODE = YES;
				CLANG_WARN__DUPLICATE_METHOD_MATCH = YES;
				COPY_PHASE_STRIP = NO;
				DEBUG_INFORMATION_FORMAT = dwarf;
				ENABLE_STRICT_OBJC_MSGSEND = YES;
				ENABLE_TESTABILITY = YES;
				GCC_C_LANGUAGE_STANDARD = gnu11;
				GCC_DYNAMIC_NO_PIC = NO;
				GCC_NO_COMMON_BLOCKS = YES;
				GCC_OPTIMIZATION_LEVEL = 0;
				GCC_PREPROCESSOR_DEFINITIONS = (
					"DEBUG=1",
					"$(inherited)",
				);
				GCC_WARN_64_TO_32_BIT_CONVERSION = YES;
				GCC_WARN_ABOUT_RETURN_TYPE = YES_ERROR;
				GCC_WARN_UNDECLARED_SELECTOR = YES;
				GCC_WARN_UNINITIALIZED_AUTOS = YES_AGGRESSIVE;
				GCC_WARN_UNUSED_FUNCTION = YES;
				GCC_WARN_UNUSED_VARIABLE = YES;
				IPHONEOS_DEPLOYMENT_TARGET = 13.2;
				MTL_ENABLE_DEBUG_INFO = INCLUDE_SOURCE;
				MTL_FAST_MATH = YES;
				ONLY_ACTIVE_ARCH = YES;
				SDKROOT = iphoneos;
			};
			name = Debug;
		};
		5EF2FD7724A10E1D00F3B7C4 /* Release */ = {
			isa = XCBuildConfiguration;
			buildSettings = {
				ALWAYS_SEARCH_USER_PATHS = NO;
				CLANG_ANALYZER_NONNULL = YES;
				CLANG_ANALYZER_NUMBER_OBJECT_CONVERSION = YES_AGGRESSIVE;
				CLANG_CXX_LANGUAGE_STANDARD = "gnu++14";
				CLANG_CXX_LIBRARY = "libc++";
				CLANG_ENABLE_MODULES = YES;
				CLANG_ENABLE_OBJC_ARC = YES;
				CLANG_ENABLE_OBJC_WEAK = YES;
				CLANG_WARN_BLOCK_CAPTURE_AUTORELEASING = YES;
				CLANG_WARN_BOOL_CONVERSION = YES;
				CLANG_WARN_COMMA = YES;
				CLANG_WARN_CONSTANT_CONVERSION = YES;
				CLANG_WARN_DEPRECATED_OBJC_IMPLEMENTATIONS = YES;
				CLANG_WARN_DIRECT_OBJC_ISA_USAGE = YES_ERROR;
				CLANG_WARN_DOCUMENTATION_COMMENTS = YES;
				CLANG_WARN_EMPTY_BODY = YES;
				CLANG_WARN_ENUM_CONVERSION = YES;
				CLANG_WARN_INFINITE_RECURSION = YES;
				CLANG_WARN_INT_CONVERSION = YES;
				CLANG_WARN_NON_LITERAL_NULL_CONVERSION = YES;
				CLANG_WARN_OBJC_IMPLICIT_RETAIN_SELF = YES;
				CLANG_WARN_OBJC_LITERAL_CONVERSION = YES;
				CLANG_WARN_OBJC_ROOT_CLASS = YES_ERROR;
				CLANG_WARN_RANGE_LOOP_ANALYSIS = YES;
				CLANG_WARN_STRICT_PROTOTYPES = YES;
				CLANG_WARN_SUSPICIOUS_MOVE = YES;
				CLANG_WARN_UNGUARDED_AVAILABILITY = YES_AGGRESSIVE;
				CLANG_WARN_UNREACHABLE_CODE = YES;
				CLANG_WARN__DUPLICATE_METHOD_MATCH = YES;
				COPY_PHASE_STRIP = NO;
				DEBUG_INFORMATION_FORMAT = "dwarf-with-dsym";
				ENABLE_NS_ASSERTIONS = NO;
				ENABLE_STRICT_OBJC_MSGSEND = YES;
				GCC_C_LANGUAGE_STANDARD = gnu11;
				GCC_NO_COMMON_BLOCKS = YES;
				GCC_WARN_64_TO_32_BIT_CONVERSION = YES;
				GCC_WARN_ABOUT_RETURN_TYPE = YES_ERROR;
				GCC_WARN_UNDECLARED_SELECTOR = YES;
				GCC_WARN_UNINITIALIZED_AUTOS = YES_AGGRESSIVE;
				GCC_WARN_UNUSED_FUNCTION = YES;
				GCC_WARN_UNUSED_VARIABLE = YES;
				IPHONEOS_DEPLOYMENT_TARGET = 13.2;
				MTL_ENABLE_DEBUG_INFO = NO;
				MTL_FAST_MATH = YES;
				SDKROOT = iphoneos;
				VALIDATE_PRODUCT = YES;
			};
			name = Release;
		};
		5EF2FD7924A10E1D00F3B7C4 /* Debug */ = {
			isa = XCBuildConfiguration;
			buildSettings = {
				ASSETCATALOG_COMPILER_APPICON_NAME = AppIcon;
				CODE_SIGN_STYLE = Automatic;
				DEVELOPMENT_TEAM = WH6TXYK3V2;
				INFOPLIST_FILE = test11/Info.plist;
				LD_RUNPATH_SEARCH_PATHS = (
					"$(inherited)",
					"@executable_path/Frameworks",
				);
				PRODUCT_BUNDLE_IDENTIFIER = com.tsh.test11;
				PRODUCT_NAME = "$(TARGET_NAME)";
				TARGETED_DEVICE_FAMILY = "1,2";
			};
			name = Debug;
		};
		5EF2FD7A24A10E1D00F3B7C4 /* Release */ = {
			isa = XCBuildConfiguration;
			buildSettings = {
				ASSETCATALOG_COMPILER_APPICON_NAME = AppIcon;
				CODE_SIGN_STYLE = Automatic;
				DEVELOPMENT_TEAM = WH6TXYK3V2;
				INFOPLIST_FILE = test11/Info.plist;
				LD_RUNPATH_SEARCH_PATHS = (
					"$(inherited)",
					"@executable_path/Frameworks",
				);
				PRODUCT_BUNDLE_IDENTIFIER = com.tsh.test11;
				PRODUCT_NAME = "$(TARGET_NAME)";
				TARGETED_DEVICE_FAMILY = "1,2";
			};
			name = Release;
		};
/* End XCBuildConfiguration section */

/* Begin XCConfigurationList section */
		5EF2FD5A24A10E1B00F3B7C4 /* Build configuration list for PBXProject "test11" */ = {
			isa = XCConfigurationList;
			buildConfigurations = (
				5EF2FD7624A10E1D00F3B7C4 /* Debug */,
				5EF2FD7724A10E1D00F3B7C4 /* Release */,
			);
			defaultConfigurationIsVisible = 0;
			defaultConfigurationName = Release;
		};
		5EF2FD7824A10E1D00F3B7C4 /* Build configuration list for PBXNativeTarget "test11" */ = {
			isa = XCConfigurationList;
			buildConfigurations = (
				5EF2FD7924A10E1D00F3B7C4 /* Debug */,
				5EF2FD7A24A10E1D00F3B7C4 /* Release */,
			);
			defaultConfigurationIsVisible = 0;
			defaultConfigurationName = Release;
		};
/* End XCConfigurationList section */
	};
	rootObject = 5EF2FD5724A10E1B00F3B7C4 /* Project object */;
}
