// !$*UTF8*$!
{
	archiveVersion = 1;
	classes = {
	};
	objectVersion = 50;
	objects = {

/* Begin PBXBuildFile section */
		5EED03F12497144500BB26A3 /* AppDelegate.m in Sources */ = {isa = PBXBuildFile; fileRef = 5EED03F02497144500BB26A3 /* AppDelegate.m */; };
		5EED03F42497144500BB26A3 /* SceneDelegate.m in Sources */ = {isa = PBXBuildFile; fileRef = 5EED03F32497144500BB26A3 /* SceneDelegate.m */; };
		5EED03F72497144500BB26A3 /* ViewController.m in Sources */ = {isa = PBXBuildFile; fileRef = 5EED03F62497144500BB26A3 /* ViewController.m */; };
		5EED03FA2497144500BB26A3 /* Main.storyboard in Resources */ = {isa = PBXBuildFile; fileRef = 5EED03F82497144500BB26A3 /* Main.storyboard */; };
		5EED03FC2497144900BB26A3 /* Assets.xcassets in Resources */ = {isa = PBXBuildFile; fileRef = 5EED03FB2497144900BB26A3 /* Assets.xcassets */; };
		5EED03FF2497144900BB26A3 /* LaunchScreen.storyboard in Resources */ = {isa = PBXBuildFile; fileRef = 5EED03FD2497144900BB26A3 /* LaunchScreen.storyboard */; };
		5EED04022497144900BB26A3 /* main.m in Sources */ = {isa = PBXBuildFile; fileRef = 5EED04012497144900BB26A3 /* main.m */; };
		5EED040A249716DD00BB26A3 /* UIWebViewDemoViewController.m in Sources */ = {isa = PBXBuildFile; fileRef = 5EED0409249716DD00BB26A3 /* UIWebViewDemoViewController.m */; };
		5EED040D249716EE00BB26A3 /* WKWebViewDemoViewController.m in Sources */ = {isa = PBXBuildFile; fileRef = 5EED040C249716EE00BB26A3 /* WKWebViewDemoViewController.m */; };
		5EED040F249723F700BB26A3 /* test.html in Resources */ = {isa = PBXBuildFile; fileRef = 5EED040E249723F700BB26A3 /* test.html */; };
		5EED04112497563500BB26A3 /* test2.html in Resources */ = {isa = PBXBuildFile; fileRef = 5EED04102497563500BB26A3 /* test2.html */; };
		5EF0B7C82499B6380084FB23 /* H5MethodTransform.js in Resources */ = {isa = PBXBuildFile; fileRef = 5EF0B7C72499B6380084FB23 /* H5MethodTransform.js */; };
/* End PBXBuildFile section */

/* Begin PBXFileReference section */
		5EED03EC2497144500BB26A3 /* WebViewDemp.app */ = {isa = PBXFileReference; explicitFileType = wrapper.application; includeInIndex = 0; path = WebViewDemp.app; sourceTree = BUILT_PRODUCTS_DIR; };
		5EED03EF2497144500BB26A3 /* AppDelegate.h */ = {isa = PBXFileReference; lastKnownFileType = sourcecode.c.h; path = AppDelegate.h; sourceTree = "<group>"; };
		5EED03F02497144500BB26A3 /* AppDelegate.m */ = {isa = PBXFileReference; lastKnownFileType = sourcecode.c.objc; path = AppDelegate.m; sourceTree = "<group>"; };
		5EED03F22497144500BB26A3 /* SceneDelegate.h */ = {isa = PBXFileReference; lastKnownFileType = sourcecode.c.h; path = SceneDelegate.h; sourceTree = "<group>"; };
		5EED03F32497144500BB26A3 /* SceneDelegate.m */ = {isa = PBXFileReference; lastKnownFileType = sourcecode.c.objc; path = SceneDelegate.m; sourceTree = "<group>"; };
		5EED03F52497144500BB26A3 /* ViewController.h */ = {isa = PBXFileReference; lastKnownFileType = sourcecode.c.h; path = ViewController.h; sourceTree = "<group>"; };
		5EED03F62497144500BB26A3 /* ViewController.m */ = {isa = PBXFileReference; lastKnownFileType = sourcecode.c.objc; path = ViewController.m; sourceTree = "<group>"; };
		5EED03F92497144500BB26A3 /* Base */ = {isa = PBXFileReference; lastKnownFileType = file.storyboard; name = Base; path = Base.lproj/Main.storyboard; sourceTree = "<group>"; };
		5EED03FB2497144900BB26A3 /* Assets.xcassets */ = {isa = PBXFileReference; lastKnownFileType = folder.assetcatalog; path = Assets.xcassets; sourceTree = "<group>"; };
		5EED03FE2497144900BB26A3 /* Base */ = {isa = PBXFileReference; lastKnownFileType = file.storyboard; name = Base; path = Base.lproj/LaunchScreen.storyboard; sourceTree = "<group>"; };
		5EED04002497144900BB26A3 /* Info.plist */ = {isa = PBXFileReference; lastKnownFileType = text.plist.xml; path = Info.plist; sourceTree = "<group>"; };
		5EED04012497144900BB26A3 /* main.m */ = {isa = PBXFileReference; lastKnownFileType = sourcecode.c.objc; path = main.m; sourceTree = "<group>"; };
		5EED0408249716DD00BB26A3 /* UIWebViewDemoViewController.h */ = {isa = PBXFileReference; lastKnownFileType = sourcecode.c.h; path = UIWebViewDemoViewController.h; sourceTree = "<group>"; };
		5EED0409249716DD00BB26A3 /* UIWebViewDemoViewController.m */ = {isa = PBXFileReference; lastKnownFileType = sourcecode.c.objc; path = UIWebViewDemoViewController.m; sourceTree = "<group>"; };
		5EED040B249716EE00BB26A3 /* WKWebViewDemoViewController.h */ = {isa = PBXFileReference; lastKnownFileType = sourcecode.c.h; path = WKWebViewDemoViewController.h; sourceTree = "<group>"; };
		5EED040C249716EE00BB26A3 /* WKWebViewDemoViewController.m */ = {isa = PBXFileReference; lastKnownFileType = sourcecode.c.objc; path = WKWebViewDemoViewController.m; sourceTree = "<group>"; };
		5EED040E249723F700BB26A3 /* test.html */ = {isa = PBXFileReference; fileEncoding = 4; lastKnownFileType = text.html; path = test.html; sourceTree = "<group>"; };
		5EED04102497563500BB26A3 /* test2.html */ = {isa = PBXFileReference; fileEncoding = 4; lastKnownFileType = text.html; path = test2.html; sourceTree = "<group>"; };
		5EF0B7C72499B6380084FB23 /* H5MethodTransform.js */ = {isa = PBXFileReference; fileEncoding = 4; lastKnownFileType = sourcecode.javascript; path = H5MethodTransform.js; sourceTree = "<group>"; };
/* End PBXFileReference section */

/* Begin PBXFrameworksBuildPhase section */
		5EED03E92497144500BB26A3 /* Frameworks */ = {
			isa = PBXFrameworksBuildPhase;
			buildActionMask = 2147483647;
			files = (
			);
			runOnlyForDeploymentPostprocessing = 0;
		};
/* End PBXFrameworksBuildPhase section */

/* Begin PBXGroup section */
		5EED03E32497144500BB26A3 = {
			isa = PBXGroup;
			children = (
				5EED03EE2497144500BB26A3 /* WebViewDemp */,
				5EED03ED2497144500BB26A3 /* Products */,
			);
			sourceTree = "<group>";
		};
		5EED03ED2497144500BB26A3 /* Products */ = {
			isa = PBXGroup;
			children = (
				5EED03EC2497144500BB26A3 /* WebViewDemp.app */,
			);
			name = Products;
			sourceTree = "<group>";
		};
		5EED03EE2497144500BB26A3 /* WebViewDemp */ = {
			isa = PBXGroup;
			children = (
				5EED03EF2497144500BB26A3 /* AppDelegate.h */,
				5EED03F02497144500BB26A3 /* AppDelegate.m */,
				5EED03F22497144500BB26A3 /* SceneDelegate.h */,
				5EED03F32497144500BB26A3 /* SceneDelegate.m */,
				5EED03F52497144500BB26A3 /* ViewController.h */,
				5EED03F62497144500BB26A3 /* ViewController.m */,
				5EED0408249716DD00BB26A3 /* UIWebViewDemoViewController.h */,
				5EED0409249716DD00BB26A3 /* UIWebViewDemoViewController.m */,
				5EED040B249716EE00BB26A3 /* WKWebViewDemoViewController.h */,
				5EED040C249716EE00BB26A3 /* WKWebViewDemoViewController.m */,
				5EED040E249723F700BB26A3 /* test.html */,
				5EED04102497563500BB26A3 /* test2.html */,
				5EF0B7C72499B6380084FB23 /* H5MethodTransform.js */,
				5EED03F82497144500BB26A3 /* Main.storyboard */,
				5EED03FB2497144900BB26A3 /* Assets.xcassets */,
				5EED03FD2497144900BB26A3 /* LaunchScreen.storyboard */,
				5EED04002497144900BB26A3 /* Info.plist */,
				5EED04012497144900BB26A3 /* main.m */,
			);
			path = WebViewDemp;
			sourceTree = "<group>";
		};
/* End PBXGroup section */

/* Begin PBXNativeTarget section */
		5EED03EB2497144500BB26A3 /* WebViewDemp */ = {
			isa = PBXNativeTarget;
			buildConfigurationList = 5EED04052497144900BB26A3 /* Build configuration list for PBXNativeTarget "WebViewDemp" */;
			buildPhases = (
				5EED03E82497144500BB26A3 /* Sources */,
				5EED03E92497144500BB26A3 /* Frameworks */,
				5EED03EA2497144500BB26A3 /* Resources */,
			);
			buildRules = (
			);
			dependencies = (
			);
			name = WebViewDemp;
			productName = WebViewDemp;
			productReference = 5EED03EC2497144500BB26A3 /* WebViewDemp.app */;
			productType = "com.apple.product-type.application";
		};
/* End PBXNativeTarget section */

/* Begin PBXProject section */
		5EED03E42497144500BB26A3 /* Project object */ = {
			isa = PBXProject;
			attributes = {
				LastUpgradeCheck = 1130;
				ORGANIZATIONNAME = tsh;
				TargetAttributes = {
					5EED03EB2497144500BB26A3 = {
						CreatedOnToolsVersion = 11.3.1;
					};
				};
			};
			buildConfigurationList = 5EED03E72497144500BB26A3 /* Build configuration list for PBXProject "WebViewDemp" */;
			compatibilityVersion = "Xcode 9.3";
			developmentRegion = en;
			hasScannedForEncodings = 0;
			knownRegions = (
				en,
				Base,
			);
			mainGroup = 5EED03E32497144500BB26A3;
			productRefGroup = 5EED03ED2497144500BB26A3 /* Products */;
			projectDirPath = "";
			projectRoot = "";
			targets = (
				5EED03EB2497144500BB26A3 /* WebViewDemp */,
			);
		};
/* End PBXProject section */

/* Begin PBXResourcesBuildPhase section */
		5EED03EA2497144500BB26A3 /* Resources */ = {
			isa = PBXResourcesBuildPhase;
			buildActionMask = 2147483647;
			files = (
				5EED040F249723F700BB26A3 /* test.html in Resources */,
				5EED03FF2497144900BB26A3 /* LaunchScreen.storyboard in Resources */,
				5EED03FC2497144900BB26A3 /* Assets.xcassets in Resources */,
				5EF0B7C82499B6380084FB23 /* H5MethodTransform.js in Resources */,
				5EED04112497563500BB26A3 /* test2.html in Resources */,
				5EED03FA2497144500BB26A3 /* Main.storyboard in Resources */,
			);
			runOnlyForDeploymentPostprocessing = 0;
		};
/* End PBXResourcesBuildPhase section */

/* Begin PBXSourcesBuildPhase section */
		5EED03E82497144500BB26A3 /* Sources */ = {
			isa = PBXSourcesBuildPhase;
			buildActionMask = 2147483647;
			files = (
				5EED03F72497144500BB26A3 /* ViewController.m in Sources */,
				5EED03F12497144500BB26A3 /* AppDelegate.m in Sources */,
				5EED04022497144900BB26A3 /* main.m in Sources */,
				5EED040A249716DD00BB26A3 /* UIWebViewDemoViewController.m in Sources */,
				5EED03F42497144500BB26A3 /* SceneDelegate.m in Sources */,
				5EED040D249716EE00BB26A3 /* WKWebViewDemoViewController.m in Sources */,
			);
			runOnlyForDeploymentPostprocessing = 0;
		};
/* End PBXSourcesBuildPhase section */

/* Begin PBXVariantGroup section */
		5EED03F82497144500BB26A3 /* Main.storyboard */ = {
			isa = PBXVariantGroup;
			children = (
				5EED03F92497144500BB26A3 /* Base */,
			);
			name = Main.storyboard;
			sourceTree = "<group>";
		};
		5EED03FD2497144900BB26A3 /* LaunchScreen.storyboard */ = {
			isa = PBXVariantGroup;
			children = (
				5EED03FE2497144900BB26A3 /* Base */,
			);
			name = LaunchScreen.storyboard;
			sourceTree = "<group>";
		};
/* End PBXVariantGroup section */

/* Begin XCBuildConfiguration section */
		5EED04032497144900BB26A3 /* Debug */ = {
			isa = XCBuildConfiguration;
			buildSettings = {
				ALWAYS_SEARCH_USER_PATHS = NO;
				CLANG_ANALYZER_NONNULL = YES;
				CLANG_ANALYZER_NUMBER_OBJECT_CONVERSION = YES_AGGRESSIVE;
				CLANG_CXX_LANGUAGE_STANDARD = "gnu++14";
				CLANG_CXX_LIBRARY = "libc++";
				CLANG_ENABLE_MODULES = YES;
				CLANG_ENABLE_OBJC_ARC = YES;
				CLANG_ENABLE_OBJC_WEAK = YES;
				CLANG_WARN_BLOCK_CAPTURE_AUTORELEASING = YES;
				CLANG_WARN_BOOL_CONVERSION = YES;
				CLANG_WARN_COMMA = YES;
				CLANG_WARN_CONSTANT_CONVERSION = YES;
				CLANG_WARN_DEPRECATED_OBJC_IMPLEMENTATIONS = YES;
				CLANG_WARN_DIRECT_OBJC_ISA_USAGE = YES_ERROR;
				CLANG_WARN_DOCUMENTATION_COMMENTS = YES;
				CLANG_WARN_EMPTY_BODY = YES;
				CLANG_WARN_ENUM_CONVERSION = YES;
				CLANG_WARN_INFINITE_RECURSION = YES;
				CLANG_WARN_INT_CONVERSION = YES;
				CLANG_WARN_NON_LITERAL_NULL_CONVERSION = YES;
				CLANG_WARN_OBJC_IMPLICIT_RETAIN_SELF = YES;
				CLANG_WARN_OBJC_LITERAL_CONVERSION = YES;
				CLANG_WARN_OBJC_ROOT_CLASS = YES_ERROR;
				CLANG_WARN_RANGE_LOOP_ANALYSIS = YES;
				CLANG_WARN_STRICT_PROTOTYPES = YES;
				CLANG_WARN_SUSPICIOUS_MOVE = YES;
				CLANG_WARN_UNGUARDED_AVAILABILITY = YES_AGGRESSIVE;
				CLANG_WARN_UNREACHABLE_CODE = YES;
				CLANG_WARN__DUPLICATE_METHOD_MATCH = YES;
				COPY_PHASE_STRIP = NO;
				DEBUG_INFORMATION_FORMAT = dwarf;
				ENABLE_STRICT_OBJC_MSGSEND = YES;
				ENABLE_TESTABILITY = YES;
				GCC_C_LANGUAGE_STANDARD = gnu11;
				GCC_DYNAMIC_NO_PIC = NO;
				GCC_NO_COMMON_BLOCKS = YES;
				GCC_OPTIMIZATION_LEVEL = 0;
				GCC_PREPROCESSOR_DEFINITIONS = (
					"DEBUG=1",
					"$(inherited)",
				);
				GCC_WARN_64_TO_32_BIT_CONVERSION = YES;
				GCC_WARN_ABOUT_RETURN_TYPE = YES_ERROR;
				GCC_WARN_UNDECLARED_SELECTOR = YES;
				GCC_WARN_UNINITIALIZED_AUTOS = YES_AGGRESSIVE;
				GCC_WARN_UNUSED_FUNCTION = YES;
				GCC_WARN_UNUSED_VARIABLE = YES;
				IPHONEOS_DEPLOYMENT_TARGET = 13.2;
				MTL_ENABLE_DEBUG_INFO = INCLUDE_SOURCE;
				MTL_FAST_MATH = YES;
				ONLY_ACTIVE_ARCH = YES;
				SDKROOT = iphoneos;
			};
			name = Debug;
		};
		5EED04042497144900BB26A3 /* Release */ = {
			isa = XCBuildConfiguration;
			buildSettings = {
				ALWAYS_SEARCH_USER_PATHS = NO;
				CLANG_ANALYZER_NONNULL = YES;
				CLANG_ANALYZER_NUMBER_OBJECT_CONVERSION = YES_AGGRESSIVE;
				CLANG_CXX_LANGUAGE_STANDARD = "gnu++14";
				CLANG_CXX_LIBRARY = "libc++";
				CLANG_ENABLE_MODULES = YES;
				CLANG_ENABLE_OBJC_ARC = YES;
				CLANG_ENABLE_OBJC_WEAK = YES;
				CLANG_WARN_BLOCK_CAPTURE_AUTORELEASING = YES;
				CLANG_WARN_BOOL_CONVERSION = YES;
				CLANG_WARN_COMMA = YES;
				CLANG_WARN_CONSTANT_CONVERSION = YES;
				CLANG_WARN_DEPRECATED_OBJC_IMPLEMENTATIONS = YES;
				CLANG_WARN_DIRECT_OBJC_ISA_USAGE = YES_ERROR;
				CLANG_WARN_DOCUMENTATION_COMMENTS = YES;
				CLANG_WARN_EMPTY_BODY = YES;
				CLANG_WARN_ENUM_CONVERSION = YES;
				CLANG_WARN_INFINITE_RECURSION = YES;
				CLANG_WARN_INT_CONVERSION = YES;
				CLANG_WARN_NON_LITERAL_NULL_CONVERSION = YES;
				CLANG_WARN_OBJC_IMPLICIT_RETAIN_SELF = YES;
				CLANG_WARN_OBJC_LITERAL_CONVERSION = YES;
				CLANG_WARN_OBJC_ROOT_CLASS = YES_ERROR;
				CLANG_WARN_RANGE_LOOP_ANALYSIS = YES;
				CLANG_WARN_STRICT_PROTOTYPES = YES;
				CLANG_WARN_SUSPICIOUS_MOVE = YES;
				CLANG_WARN_UNGUARDED_AVAILABILITY = YES_AGGRESSIVE;
				CLANG_WARN_UNREACHABLE_CODE = YES;
				CLANG_WARN__DUPLICATE_METHOD_MATCH = YES;
				COPY_PHASE_STRIP = NO;
				DEBUG_INFORMATION_FORMAT = "dwarf-with-dsym";
				ENABLE_NS_ASSERTIONS = NO;
				ENABLE_STRICT_OBJC_MSGSEND = YES;
				GCC_C_LANGUAGE_STANDARD = gnu11;
				GCC_NO_COMMON_BLOCKS = YES;
				GCC_WARN_64_TO_32_BIT_CONVERSION = YES;
				GCC_WARN_ABOUT_RETURN_TYPE = YES_ERROR;
				GCC_WARN_UNDECLARED_SELECTOR = YES;
				GCC_WARN_UNINITIALIZED_AUTOS = YES_AGGRESSIVE;
				GCC_WARN_UNUSED_FUNCTION = YES;
				GCC_WARN_UNUSED_VARIABLE = YES;
				IPHONEOS_DEPLOYMENT_TARGET = 13.2;
				MTL_ENABLE_DEBUG_INFO = NO;
				MTL_FAST_MATH = YES;
				SDKROOT = iphoneos;
				VALIDATE_PRODUCT = YES;
			};
			name = Release;
		};
		5EED04062497144900BB26A3 /* Debug */ = {
			isa = XCBuildConfiguration;
			buildSettings = {
				ASSETCATALOG_COMPILER_APPICON_NAME = AppIcon;
				CODE_SIGN_STYLE = Automatic;
				DEVELOPMENT_TEAM = WH6TXYK3V2;
				INFOPLIST_FILE = WebViewDemp/Info.plist;
				IPHONEOS_DEPLOYMENT_TARGET = 11.0;
				LD_RUNPATH_SEARCH_PATHS = (
					"$(inherited)",
					"@executable_path/Frameworks",
				);
				PRODUCT_BUNDLE_IDENTIFIER = com.tsh.test11;
				PRODUCT_NAME = "$(TARGET_NAME)";
				TARGETED_DEVICE_FAMILY = 1;
			};
			name = Debug;
		};
		5EED04072497144900BB26A3 /* Release */ = {
			isa = XCBuildConfiguration;
			buildSettings = {
				ASSETCATALOG_COMPILER_APPICON_NAME = AppIcon;
				CODE_SIGN_STYLE = Automatic;
				DEVELOPMENT_TEAM = WH6TXYK3V2;
				INFOPLIST_FILE = WebViewDemp/Info.plist;
				IPHONEOS_DEPLOYMENT_TARGET = 11.0;
				LD_RUNPATH_SEARCH_PATHS = (
					"$(inherited)",
					"@executable_path/Frameworks",
				);
				PRODUCT_BUNDLE_IDENTIFIER = com.tsh.test11;
				PRODUCT_NAME = "$(TARGET_NAME)";
				TARGETED_DEVICE_FAMILY = 1;
			};
			name = Release;
		};
/* End XCBuildConfiguration section */

/* Begin XCConfigurationList section */
		5EED03E72497144500BB26A3 /* Build configuration list for PBXProject "WebViewDemp" */ = {
			isa = XCConfigurationList;
			buildConfigurations = (
				5EED04032497144900BB26A3 /* Debug */,
				5EED04042497144900BB26A3 /* Release */,
			);
			defaultConfigurationIsVisible = 0;
			defaultConfigurationName = Release;
		};
		5EED04052497144900BB26A3 /* Build configuration list for PBXNativeTarget "WebViewDemp" */ = {
			isa = XCConfigurationList;
			buildConfigurations = (
				5EED04062497144900BB26A3 /* Debug */,
				5EED04072497144900BB26A3 /* Release */,
			);
			defaultConfigurationIsVisible = 0;
			defaultConfigurationName = Release;
		};
/* End XCConfigurationList section */
	};
	rootObject = 5EED03E42497144500BB26A3 /* Project object */;
}
